
Microsoft Visual Studio Solution File, Format Version 12.00
# Visual Studio Version 17
VisualStudioVersion = 17.4.33403.182
MinimumVisualStudioVersion = 10.0.40219.1
Project("{FAE04EC0-301F-11D3-BF4B-00C04F79EFBC}") = "lmsProyectoFinal", "lmsProyectoFinal\lmsProyectoFinal.csproj", "{C1651812-0B6A-4375-BBF2-B469CBD57020}"
EndProject
Global
	GlobalSection(SolutionConfigurationPlatforms) = preSolution
		Debug|Any CPU = Debug|Any CPU
		Release|Any CPU = Release|Any CPU
	EndGlobalSection
	GlobalSection(ProjectConfigurationPlatforms) = postSolution
		{C1651812-0B6A-4375-BBF2-B469CBD57020}.Debug|Any CPU.ActiveCfg = Debug|Any CPU
		{C1651812-0B6A-4375-BBF2-B469CBD57020}.Debug|Any CPU.Build.0 = Debug|Any CPU
		{C1651812-0B6A-4375-BBF2-B469CBD57020}.Release|Any CPU.ActiveCfg = Release|Any CPU
		{C1651812-0B6A-4375-BBF2-B469CBD57020}.Release|Any CPU.Build.0 = Release|Any CPU
	EndGlobalSection
	GlobalSection(SolutionProperties) = preSolution
		HideSolutionNode = FALSE
	EndGlobalSection
	GlobalSection(ExtensibilityGlobals) = postSolution
		SolutionGuid = {BB1100CC-6DD9-4F2E-946C-3167478CF285}
	EndGlobalSection
EndGlobal
